<?xml version="1.0" encoding="utf-8"?>
<Project ToolsVersion="4.0" xmlns="http://schemas.microsoft.com/developer/msbuild/2003">
  <ItemGroup>
    <Filter Include="Source Files">
      <UniqueIdentifier>{4FC737F1-C7A5-4376-A066-2A32D752A2FF}</UniqueIdentifier>
      <Extensions>cpp;c;cc;cxx;def;odl;idl;hpj;bat;asm;asmx</Extensions>
    </Filter>
    <Filter Include="Header Files">
      <UniqueIdentifier>{93995380-89BD-4b04-88EB-625FBE52EBFB}</UniqueIdentifier>
      <Extensions>h;hh;hpp;hxx;hm;inl;inc;ipp;xsd</Extensions>
    </Filter>
    <Filter Include="Resource Files">
      <UniqueIdentifier>{67DA6AB6-F800-4c08-8B7A-83BB121AAD01}</UniqueIdentifier>
      <Extensions>rc;ico;cur;bmp;dlg;rc2;rct;bin;rgs;gif;jpg;jpeg;jpe;resx;tiff;tif;png;wav;mfcribbon-ms</Extensions>
    </Filter>
    <Filter Include="Header Files\Humanoid">
      <UniqueIdentifier>{e4c78c69-0415-44ca-901d-ac5b042cd2e8}</UniqueIdentifier>
    </Filter>
    <Filter Include="Header Files\Humanoid\Zombie">
      <UniqueIdentifier>{b69a21dc-8f2e-4841-839f-0718d653ae40}</UniqueIdentifier>
    </Filter>
    <Filter Include="Source Files\Humanoid">
      <UniqueIdentifier>{77b4b523-fafa-47aa-aa92-baf12c0ebbe4}</UniqueIdentifier>
    </Filter>
    <Filter Include="Source Files\Humanoid\Zombie">
      <UniqueIdentifier>{b2c05245-beb9-42f8-80f4-63b3e9080e81}</UniqueIdentifier>
    </Filter>
    <Filter Include="Header Files\Humanoid\Human">
      <UniqueIdentifier>{a4a772dc-7819-40c1-9a8c-db84c24e8c2c}</UniqueIdentifier>
    </Filter>
    <Filter Include="Source Files\Humanoid\Human">
      <UniqueIdentifier>{d6a4b32b-1f64-4d55-9c7a-3346a311b7a3}</UniqueIdentifier>
    </Filter>
    <Filter Include="Source Files\Game">
      <UniqueIdentifier>{d3bf45c9-d461-4d4a-9f87-f4633c3ce254}</UniqueIdentifier>
    </Filter>
    <Filter Include="Header Files\List">
      <UniqueIdentifier>{0751ebd3-42f1-4a95-915a-16319637850d}</UniqueIdentifier>
    </Filter>
    <Filter Include="Header Files\Game">
      <UniqueIdentifier>{c3d742a2-3369-482c-adc6-c2b172105c15}</UniqueIdentifier>
    </Filter>
    <Filter Include="Source Files\Map">
      <UniqueIdentifier>{d10a0e00-85ce-4600-871f-d6e931980e28}</UniqueIdentifier>
    </Filter>
    <Filter Include="Header Files\Util">
      <UniqueIdentifier>{89386832-d31c-49e9-b269-ad661bfb428f}</UniqueIdentifier>
    </Filter>
    <Filter Include="Source Files\Util">
      <UniqueIdentifier>{2defae64-9f60-4e6c-8351-07a029a46a33}</UniqueIdentifier>
    </Filter>
    <Filter Include="Header Files\Humanoid\Sprite">
      <UniqueIdentifier>{87f7200e-4431-43ab-9e33-3f78125e6e2e}</UniqueIdentifier>
    </Filter>
    <Filter Include="Source Files\Humanoid\Sprite">
      <UniqueIdentifier>{2e7f8baa-a6f0-475e-913b-085a13d547d9}</UniqueIdentifier>
    </Filter>
    <Filter Include="Header Files\Map">
      <UniqueIdentifier>{082e17ac-9033-4111-8694-8fb75c6c1aa9}</UniqueIdentifier>
    </Filter>
  </ItemGroup>
  <ItemGroup>
    <ClInclude Include="pch.h">
      <Filter>Header Files</Filter>
    </ClInclude>
    <ClInclude Include="Humanoid.h">
      <Filter>Header Files\Humanoid</Filter>
    </ClInclude>
    <ClInclude Include="Zombie.h">
      <Filter>Header Files\Humanoid\Zombie</Filter>
    </ClInclude>
    <ClInclude Include="ZombieRandomMove.h">
      <Filter>Header Files\Humanoid\Zombie</Filter>
    </ClInclude>
    <ClInclude Include="ZombieSpecificMove.h">
      <Filter>Header Files\Humanoid\Zombie</Filter>
    </ClInclude>
    <ClInclude Include="Human.h">
      <Filter>Header Files\Humanoid\Human</Filter>
    </ClInclude>
    <ClInclude Include="Doctor.h">
      <Filter>Header Files\Humanoid\Human</Filter>
    </ClInclude>
    <ClInclude Include="Military.h">
      <Filter>Header Files\Humanoid\Human</Filter>
    </ClInclude>
    <ClInclude Include="Civil.h">
      <Filter>Header Files\Humanoid\Human</Filter>
    </ClInclude>
    <ClInclude Include="Vector2.h">
      <Filter>Header Files</Filter>
    </ClInclude>
    <ClInclude Include="Game.h">
      <Filter>Header Files\Game</Filter>
    </ClInclude>
    <ClInclude Include="GameManager.h">
      <Filter>Header Files\Game</Filter>
    </ClInclude>
    <ClInclude Include="Iterator.h">
      <Filter>Header Files\List</Filter>
    </ClInclude>
    <ClInclude Include="MyNewList.h">
      <Filter>Header Files\List</Filter>
    </ClInclude>
    <ClInclude Include="Node.h">
      <Filter>Header Files\List</Filter>
    </ClInclude>
    <ClInclude Include="Util.h">
      <Filter>Header Files\Util</Filter>
    </ClInclude>
    <ClInclude Include="ZombieExplode.h">
      <Filter>Header Files\Humanoid\Zombie</Filter>
    </ClInclude>
    <ClInclude Include="Sprite.h">
      <Filter>Header Files\Humanoid\Sprite</Filter>
    </ClInclude>
    <ClInclude Include="Color.h">
      <Filter>Header Files\Humanoid\Sprite</Filter>
    </ClInclude>
    <ClInclude Include="Factory.h">
      <Filter>Header Files</Filter>
    </ClInclude>
    <ClInclude Include="EnumHuman.h">
      <Filter>Header Files\Humanoid\Human</Filter>
    </ClInclude>
    <ClInclude Include="Map.h">
      <Filter>Header Files\Map</Filter>
    </ClInclude>
    <ClInclude Include="Case.h">
      <Filter>Header Files\Map</Filter>
    </ClInclude>
    <ClInclude Include="ZombieEnum.h">
      <Filter>Header Files\Humanoid\Zombie</Filter>
    </ClInclude>
    <ClInclude Include="Adult.h">
      <Filter>Header Files\Humanoid\Human</Filter>
    </ClInclude>
  </ItemGroup>
  <ItemGroup>
    <ClCompile Include="pch.cpp">
      <Filter>Source Files</Filter>
    </ClCompile>
    <ClCompile Include="jeu_de_la_mort.cpp">
      <Filter>Source Files</Filter>
    </ClCompile>
    <ClCompile Include="Humanoid.cpp">
      <Filter>Source Files\Humanoid</Filter>
    </ClCompile>
    <ClCompile Include="Zombie.cpp">
      <Filter>Source Files\Humanoid\Zombie</Filter>
    </ClCompile>
    <ClCompile Include="Human.cpp">
      <Filter>Source Files\Humanoid\Human</Filter>
    </ClCompile>
    <ClCompile Include="ZombieSpecificMove.cpp">
      <Filter>Source Files\Humanoid\Zombie</Filter>
    </ClCompile>
    <ClCompile Include="Doctor.cpp">
      <Filter>Source Files\Humanoid\Human</Filter>
    </ClCompile>
    <ClCompile Include="Military.cpp">
      <Filter>Source Files\Humanoid\Human</Filter>
    </ClCompile>
    <ClCompile Include="Civil.cpp">
      <Filter>Source Files\Humanoid\Human</Filter>
    </ClCompile>
    <ClCompile Include="ZombieRandomMove.cpp">
      <Filter>Source Files\Humanoid\Zombie</Filter>
    </ClCompile>
    <ClCompile Include="GameManager.cpp">
      <Filter>Source Files\Game</Filter>
    </ClCompile>
    <ClCompile Include="Game.cpp">
      <Filter>Source Files\Game</Filter>
    </ClCompile>
    <ClCompile Include="Vector2.cpp">
      <Filter>Source Files</Filter>
    </ClCompile>
    <ClCompile Include="Map.cpp">
      <Filter>Source Files\Map</Filter>
    </ClCompile>
    <ClCompile Include="Util.cpp">
      <Filter>Source Files\Util</Filter>
    </ClCompile>
    <ClCompile Include="ZombieExplode.cpp">
      <Filter>Source Files\Humanoid\Zombie</Filter>
    </ClCompile>
    <ClCompile Include="Sprite.cpp">
      <Filter>Source Files\Humanoid\Sprite</Filter>
    </ClCompile>
    <ClCompile Include="Case.cpp">
      <Filter>Source Files\Map</Filter>
    </ClCompile>
    <ClCompile Include="Factory.cpp">
      <Filter>Source Files</Filter>
    </ClCompile>
    <ClCompile Include="Adult.cpp">
      <Filter>Source Files\Humanoid\Human</Filter>
    </ClCompile>
  </ItemGroup>
  <ItemGroup>
    <None Include="ClassDiagram.cd" />
  </ItemGroup>
</Project>